Microsoft Visual Studio Solution File, Format Version 11.00
# Visual Studio 2008

Project("{5B812FF0-3167-06A6-53AE-4EC97873FED8}") = "RunningRabbit", "Assembly-CSharp.csproj", "{5D9D79E9-A496-8E92-3445-733E97813DD9}"
EndProject
Global
	GlobalSection(SolutionConfigurationPlatforms) = preSolution
		Debug|Any CPU = Debug|Any CPU
		Release|Any CPU = Release|Any CPU
	EndGlobalSection
	GlobalSection(ProjectConfigurationPlatforms) = postSolution
		{5D9D79E9-A496-8E92-3445-733E97813DD9}.Debug|Any CPU.ActiveCfg = Debug|Any CPU
		{5D9D79E9-A496-8E92-3445-733E97813DD9}.Debug|Any CPU.Build.0 = Debug|Any CPU
		{5D9D79E9-A496-8E92-3445-733E97813DD9}.Release|Any CPU.ActiveCfg = Release|Any CPU
		{5D9D79E9-A496-8E92-3445-733E97813DD9}.Release|Any CPU.Build.0 = Release|Any CPU
	EndGlobalSection
	GlobalSection(SolutionProperties) = preSolution
		HideSolutionNode = FALSE
	EndGlobalSection
	GlobalSection(MonoDevelopProperties) = preSolution
		StartupItem = Assembly-CSharp.csproj
	EndGlobalSection
EndGlobal
